{
  "name": "lsp-buildspec",
  "version": "1.0.0",
  "lockfileVersion": 3,
  "requires": true,
  "packages": {
    "": {
      "name": "lsp-buildspec",
      "version": "1.0.0",
      "license": "ISC",
      "dependencies": {
        "lsp-base": "file:../lsp-base",
        "typescript": "^4.8.4"
      }
    },
    "../lsp-base": {
      "version": "1.0.0",
      "license": "ISC",
      "devDependencies": {
        "typescript": "^4.8.4",
        "vscode-languageserver": "^7.0.0",
        "vscode-languageserver-textdocument": "^1.0.4"
      }
    },
    "node_modules/lsp-base": {
      "resolved": "../lsp-base",
      "link": true
    },
    "node_modules/typescript": {
      "version": "4.8.4",
      "resolved": "https://registry.npmjs.org/typescript/-/typescript-4.8.4.tgz",
      "integrity": "sha512-QCh+85mCy+h0IGff8r5XWzOVSbBO+KfeYrMQh7NJ58QujwcE22u+NUSmUxqF+un70P9GXKxa2HCNiTTMJknyjQ==",
      "bin": {
        "tsc": "bin/tsc",
        "tsserver": "bin/tsserver"
      },
      "engines": {
        "node": ">=4.2.0"
      }
    }
  }
}
