
Microsoft Visual Studio Solution File, Format Version 12.00
# Visual Studio Version 17
VisualStudioVersion = 17.11.35219.272
MinimumVisualStudioVersion = 10.0.40219.1
Project("{9A19103F-16F7-4668-BE54-9A1E7A4F7556}") = "AwsToolkit.Telemetry.Events.Generator", "AwsToolkit.Telemetry.Events.Generator\AwsToolkit.Telemetry.Events.Generator.csproj", "{5393032E-025E-4033-ADC4-8A2C2E4E80A9}"
EndProject
Project("{9A19103F-16F7-4668-BE54-9A1E7A4F7556}") = "AwsToolkit.Telemetry.Events.Generator.Tests", "AwsToolkit.Telemetry.Events.Generator.Tests\AwsToolkit.Telemetry.Events.Generator.Tests.csproj", "{F6B3F8A5-C817-4B16-95AB-E8777365CFA5}"
EndProject
Project("{9A19103F-16F7-4668-BE54-9A1E7A4F7556}") = "AwsToolkit.Telemetry.Events", "AwsToolkit.Telemetry.Events\AwsToolkit.Telemetry.Events.csproj", "{F7334F32-FB00-41FF-8C32-3C9402F2C099}"
	ProjectSection(ProjectDependencies) = postProject
		{5393032E-025E-4033-ADC4-8A2C2E4E80A9} = {5393032E-025E-4033-ADC4-8A2C2E4E80A9}
	EndProjectSection
EndProject
Project("{9A19103F-16F7-4668-BE54-9A1E7A4F7556}") = "AwsToolkit.Telemetry.Events.Tests", "AwsToolkit.Telemetry.Events.Tests\AwsToolkit.Telemetry.Events.Tests.csproj", "{7800B019-0023-405F-9ED6-A93430025D77}"
	ProjectSection(ProjectDependencies) = postProject
		{5393032E-025E-4033-ADC4-8A2C2E4E80A9} = {5393032E-025E-4033-ADC4-8A2C2E4E80A9}
	EndProjectSection
EndProject
Global
	GlobalSection(SolutionConfigurationPlatforms) = preSolution
		Debug|Any CPU = Debug|Any CPU
		Release|Any CPU = Release|Any CPU
	EndGlobalSection
	GlobalSection(ProjectConfigurationPlatforms) = postSolution
		{5393032E-025E-4033-ADC4-8A2C2E4E80A9}.Debug|Any CPU.ActiveCfg = Debug|Any CPU
		{5393032E-025E-4033-ADC4-8A2C2E4E80A9}.Debug|Any CPU.Build.0 = Debug|Any CPU
		{5393032E-025E-4033-ADC4-8A2C2E4E80A9}.Release|Any CPU.ActiveCfg = Release|Any CPU
		{5393032E-025E-4033-ADC4-8A2C2E4E80A9}.Release|Any CPU.Build.0 = Release|Any CPU
		{F6B3F8A5-C817-4B16-95AB-E8777365CFA5}.Debug|Any CPU.ActiveCfg = Debug|Any CPU
		{F6B3F8A5-C817-4B16-95AB-E8777365CFA5}.Debug|Any CPU.Build.0 = Debug|Any CPU
		{F6B3F8A5-C817-4B16-95AB-E8777365CFA5}.Release|Any CPU.ActiveCfg = Release|Any CPU
		{F6B3F8A5-C817-4B16-95AB-E8777365CFA5}.Release|Any CPU.Build.0 = Release|Any CPU
		{F7334F32-FB00-41FF-8C32-3C9402F2C099}.Debug|Any CPU.ActiveCfg = Debug|Any CPU
		{F7334F32-FB00-41FF-8C32-3C9402F2C099}.Debug|Any CPU.Build.0 = Debug|Any CPU
		{F7334F32-FB00-41FF-8C32-3C9402F2C099}.Release|Any CPU.ActiveCfg = Release|Any CPU
		{F7334F32-FB00-41FF-8C32-3C9402F2C099}.Release|Any CPU.Build.0 = Release|Any CPU
		{7800B019-0023-405F-9ED6-A93430025D77}.Debug|Any CPU.ActiveCfg = Debug|Any CPU
		{7800B019-0023-405F-9ED6-A93430025D77}.Debug|Any CPU.Build.0 = Debug|Any CPU
		{7800B019-0023-405F-9ED6-A93430025D77}.Release|Any CPU.ActiveCfg = Release|Any CPU
		{7800B019-0023-405F-9ED6-A93430025D77}.Release|Any CPU.Build.0 = Release|Any CPU
	EndGlobalSection
	GlobalSection(SolutionProperties) = preSolution
		HideSolutionNode = FALSE
	EndGlobalSection
	GlobalSection(ExtensibilityGlobals) = postSolution
		SolutionGuid = {DFE9CED6-823C-4286-AF32-0B143BB9AAF5}
	EndGlobalSection
EndGlobal
